
Microsoft Visual Studio Solution File, Format Version 12.00
# Visual Studio 2013
VisualStudioVersion = 12.0.21005.1
MinimumVisualStudioVersion = 10.0.40219.1
Project("{FAE04EC0-301F-11D3-BF4B-00C04F79EFBC}") = "GUI", "GUI\GUI.csproj", "{295019F1-151B-42DB-B7C1-ADDD935CC526}"
EndProject
Project("{FAE04EC0-301F-11D3-BF4B-00C04F79EFBC}") = "BR", "BR\BR.csproj", "{CC7799A9-436C-4417-9597-4EC3156D2DCF}"
EndProject
Project("{FAE04EC0-301F-11D3-BF4B-00C04F79EFBC}") = "DB", "DB\DB.csproj", "{42A6EA40-C9AA-4AFF-BE94-45E951FC6891}"
EndProject
Global
	GlobalSection(SolutionConfigurationPlatforms) = preSolution
		Debug|Any CPU = Debug|Any CPU
		Release|Any CPU = Release|Any CPU
	EndGlobalSection
	GlobalSection(ProjectConfigurationPlatforms) = postSolution
		{295019F1-151B-42DB-B7C1-ADDD935CC526}.Debug|Any CPU.ActiveCfg = Debug|Any CPU
		{295019F1-151B-42DB-B7C1-ADDD935CC526}.Debug|Any CPU.Build.0 = Debug|Any CPU
		{295019F1-151B-42DB-B7C1-ADDD935CC526}.Release|Any CPU.ActiveCfg = Release|Any CPU
		{295019F1-151B-42DB-B7C1-ADDD935CC526}.Release|Any CPU.Build.0 = Release|Any CPU
		{CC7799A9-436C-4417-9597-4EC3156D2DCF}.Debug|Any CPU.ActiveCfg = Debug|Any CPU
		{CC7799A9-436C-4417-9597-4EC3156D2DCF}.Debug|Any CPU.Build.0 = Debug|Any CPU
		{CC7799A9-436C-4417-9597-4EC3156D2DCF}.Release|Any CPU.ActiveCfg = Release|Any CPU
		{CC7799A9-436C-4417-9597-4EC3156D2DCF}.Release|Any CPU.Build.0 = Release|Any CPU
		{42A6EA40-C9AA-4AFF-BE94-45E951FC6891}.Debug|Any CPU.ActiveCfg = Debug|Any CPU
		{42A6EA40-C9AA-4AFF-BE94-45E951FC6891}.Debug|Any CPU.Build.0 = Debug|Any CPU
		{42A6EA40-C9AA-4AFF-BE94-45E951FC6891}.Release|Any CPU.ActiveCfg = Release|Any CPU
		{42A6EA40-C9AA-4AFF-BE94-45E951FC6891}.Release|Any CPU.Build.0 = Release|Any CPU
	EndGlobalSection
	GlobalSection(SolutionProperties) = preSolution
		HideSolutionNode = FALSE
	EndGlobalSection
EndGlobal
